
Microsoft Visual Studio Solution File, Format Version 12.00
# Visual Studio Version 16
VisualStudioVersion = 16.0.30204.135
MinimumVisualStudioVersion = 10.0.40219.1
Project("{9A19103F-16F7-4668-BE54-9A1E7A4F7556}") = "PersonData", "PersonData\PersonData.csproj", "{85CD2224-481D-4418-83A4-9DC0987485D7}"
EndProject
Project("{9A19103F-16F7-4668-BE54-9A1E7A4F7556}") = "PersonController", "PersonController\PersonController.csproj", "{1D1BC386-C854-4735-BA49-B8222BFBF963}"
EndProject
Project("{9A19103F-16F7-4668-BE54-9A1E7A4F7556}") = "PersonREST", "PersonREST\PersonREST.csproj", "{193FC779-5416-4795-B590-0DE0DC8525A0}"
EndProject
Project("{9A19103F-16F7-4668-BE54-9A1E7A4F7556}") = "SecurityController", "..\TokenRest\SecurityController\SecurityController.csproj", "{897A5CAD-1F92-420D-9600-2F6E914E0507}"
EndProject
Project("{9A19103F-16F7-4668-BE54-9A1E7A4F7556}") = "SecurityData", "..\TokenRest\SecurityData\SecurityData.csproj", "{E7A374D2-6F67-4178-9898-F3B6A7ABBA6C}"
EndProject
Project("{9A19103F-16F7-4668-BE54-9A1E7A4F7556}") = "TokenRest", "..\TokenRest\TokenRest\TokenRest.csproj", "{B7E3984B-EC70-423A-BBE3-72490971F927}"
EndProject
Global
	GlobalSection(SolutionConfigurationPlatforms) = preSolution
		Debug|Any CPU = Debug|Any CPU
		Release|Any CPU = Release|Any CPU
	EndGlobalSection
	GlobalSection(ProjectConfigurationPlatforms) = postSolution
		{85CD2224-481D-4418-83A4-9DC0987485D7}.Debug|Any CPU.ActiveCfg = Debug|Any CPU
		{85CD2224-481D-4418-83A4-9DC0987485D7}.Debug|Any CPU.Build.0 = Debug|Any CPU
		{85CD2224-481D-4418-83A4-9DC0987485D7}.Release|Any CPU.ActiveCfg = Release|Any CPU
		{85CD2224-481D-4418-83A4-9DC0987485D7}.Release|Any CPU.Build.0 = Release|Any CPU
		{1D1BC386-C854-4735-BA49-B8222BFBF963}.Debug|Any CPU.ActiveCfg = Debug|Any CPU
		{1D1BC386-C854-4735-BA49-B8222BFBF963}.Debug|Any CPU.Build.0 = Debug|Any CPU
		{1D1BC386-C854-4735-BA49-B8222BFBF963}.Release|Any CPU.ActiveCfg = Release|Any CPU
		{1D1BC386-C854-4735-BA49-B8222BFBF963}.Release|Any CPU.Build.0 = Release|Any CPU
		{193FC779-5416-4795-B590-0DE0DC8525A0}.Debug|Any CPU.ActiveCfg = Debug|Any CPU
		{193FC779-5416-4795-B590-0DE0DC8525A0}.Debug|Any CPU.Build.0 = Debug|Any CPU
		{193FC779-5416-4795-B590-0DE0DC8525A0}.Release|Any CPU.ActiveCfg = Release|Any CPU
		{193FC779-5416-4795-B590-0DE0DC8525A0}.Release|Any CPU.Build.0 = Release|Any CPU
		{897A5CAD-1F92-420D-9600-2F6E914E0507}.Debug|Any CPU.ActiveCfg = Debug|Any CPU
		{897A5CAD-1F92-420D-9600-2F6E914E0507}.Debug|Any CPU.Build.0 = Debug|Any CPU
		{897A5CAD-1F92-420D-9600-2F6E914E0507}.Release|Any CPU.ActiveCfg = Release|Any CPU
		{897A5CAD-1F92-420D-9600-2F6E914E0507}.Release|Any CPU.Build.0 = Release|Any CPU
		{E7A374D2-6F67-4178-9898-F3B6A7ABBA6C}.Debug|Any CPU.ActiveCfg = Debug|Any CPU
		{E7A374D2-6F67-4178-9898-F3B6A7ABBA6C}.Debug|Any CPU.Build.0 = Debug|Any CPU
		{E7A374D2-6F67-4178-9898-F3B6A7ABBA6C}.Release|Any CPU.ActiveCfg = Release|Any CPU
		{E7A374D2-6F67-4178-9898-F3B6A7ABBA6C}.Release|Any CPU.Build.0 = Release|Any CPU
		{B7E3984B-EC70-423A-BBE3-72490971F927}.Debug|Any CPU.ActiveCfg = Debug|Any CPU
		{B7E3984B-EC70-423A-BBE3-72490971F927}.Debug|Any CPU.Build.0 = Debug|Any CPU
		{B7E3984B-EC70-423A-BBE3-72490971F927}.Release|Any CPU.ActiveCfg = Release|Any CPU
		{B7E3984B-EC70-423A-BBE3-72490971F927}.Release|Any CPU.Build.0 = Release|Any CPU
	EndGlobalSection
	GlobalSection(SolutionProperties) = preSolution
		HideSolutionNode = FALSE
	EndGlobalSection
	GlobalSection(ExtensibilityGlobals) = postSolution
		SolutionGuid = {2B942564-DC6F-4238-B785-FBD291468F62}
	EndGlobalSection
EndGlobal
