
Microsoft Visual Studio Solution File, Format Version 12.00
# Visual Studio Version 16
VisualStudioVersion = 16.0.30309.148
MinimumVisualStudioVersion = 10.0.40219.1
Project("{FAE04EC0-301F-11D3-BF4B-00C04F79EFBC}") = "TokenRest", "TokenRest\TokenRest.csproj", "{73EC5DA2-1D39-4F00-B46E-DD9AAFDA7DAD}"
EndProject
Project("{FAE04EC0-301F-11D3-BF4B-00C04F79EFBC}") = "SecurityData", "SecurityData\SecurityData.csproj", "{258E6C4D-1359-4F14-A925-0C298955C034}"
EndProject
Project("{FAE04EC0-301F-11D3-BF4B-00C04F79EFBC}") = "SecurityController", "SecurityController\SecurityController.csproj", "{00217025-8696-462D-8085-E74246C2E02F}"
EndProject
Global
	GlobalSection(SolutionConfigurationPlatforms) = preSolution
		Debug|Any CPU = Debug|Any CPU
		Release|Any CPU = Release|Any CPU
	EndGlobalSection
	GlobalSection(ProjectConfigurationPlatforms) = postSolution
		{73EC5DA2-1D39-4F00-B46E-DD9AAFDA7DAD}.Debug|Any CPU.ActiveCfg = Debug|Any CPU
		{73EC5DA2-1D39-4F00-B46E-DD9AAFDA7DAD}.Debug|Any CPU.Build.0 = Debug|Any CPU
		{73EC5DA2-1D39-4F00-B46E-DD9AAFDA7DAD}.Release|Any CPU.ActiveCfg = Release|Any CPU
		{73EC5DA2-1D39-4F00-B46E-DD9AAFDA7DAD}.Release|Any CPU.Build.0 = Release|Any CPU
		{258E6C4D-1359-4F14-A925-0C298955C034}.Debug|Any CPU.ActiveCfg = Debug|Any CPU
		{258E6C4D-1359-4F14-A925-0C298955C034}.Debug|Any CPU.Build.0 = Debug|Any CPU
		{258E6C4D-1359-4F14-A925-0C298955C034}.Release|Any CPU.ActiveCfg = Release|Any CPU
		{258E6C4D-1359-4F14-A925-0C298955C034}.Release|Any CPU.Build.0 = Release|Any CPU
		{00217025-8696-462D-8085-E74246C2E02F}.Debug|Any CPU.ActiveCfg = Debug|Any CPU
		{00217025-8696-462D-8085-E74246C2E02F}.Debug|Any CPU.Build.0 = Debug|Any CPU
		{00217025-8696-462D-8085-E74246C2E02F}.Release|Any CPU.ActiveCfg = Release|Any CPU
		{00217025-8696-462D-8085-E74246C2E02F}.Release|Any CPU.Build.0 = Release|Any CPU
	EndGlobalSection
	GlobalSection(SolutionProperties) = preSolution
		HideSolutionNode = FALSE
	EndGlobalSection
	GlobalSection(ExtensibilityGlobals) = postSolution
		SolutionGuid = {BDCDDCD9-D7F7-48A7-8A52-1C1095B8D571}
	EndGlobalSection
EndGlobal
